// !$*UTF8*$!
{
	archiveVersion = 1;
	classes = {
	};
	objectVersion = 56;
	objects = {

/* Begin PBXBuildFile section */
		D96F82002B30A4C60087BA31 /* Exercise.swift in Sources */ = {isa = PBXBuildFile; fileRef = D96F81FF2B30A4C60087BA31 /* Exercise.swift */; };
		D96F82022B30A96C0087BA31 /* HeaderView.swift in Sources */ = {isa = PBXBuildFile; fileRef = D96F82012B30A96C0087BA31 /* HeaderView.swift */; };
		D96F82042B30ABA70087BA31 /* HomeScreen.swift in Sources */ = {isa = PBXBuildFile; fileRef = D96F82032B30ABA70087BA31 /* HomeScreen.swift */; };
		D96F82062B30C92D0087BA31 /* ExerciseView.swift in Sources */ = {isa = PBXBuildFile; fileRef = D96F82052B30C92D0087BA31 /* ExerciseView.swift */; };
		D96F82092B30E8090087BA31 /* ContentView.swift in Sources */ = {isa = PBXBuildFile; fileRef = D96F82082B30E8090087BA31 /* ContentView.swift */; };
		D9823C862B20EC3900FB1A2B /* HiitFitApp.swift in Sources */ = {isa = PBXBuildFile; fileRef = D9823C852B20EC3900FB1A2B /* HiitFitApp.swift */; };
		D9823C8A2B20EC3B00FB1A2B /* Assets.xcassets in Resources */ = {isa = PBXBuildFile; fileRef = D9823C892B20EC3B00FB1A2B /* Assets.xcassets */; };
		D9823C8D2B20EC3B00FB1A2B /* Preview Assets.xcassets in Resources */ = {isa = PBXBuildFile; fileRef = D9823C8C2B20EC3B00FB1A2B /* Preview Assets.xcassets */; };
		D9DB99672B324FC900808775 /* squat.mp4 in Resources */ = {isa = PBXBuildFile; fileRef = D9DB99622B324FC900808775 /* squat.mp4 */; };
		D9DB99682B324FC900808775 /* uprightrow.mp4 in Resources */ = {isa = PBXBuildFile; fileRef = D9DB99632B324FC900808775 /* uprightrow.mp4 */; };
		D9DB99692B324FC900808775 /* benchpress.mp4 in Resources */ = {isa = PBXBuildFile; fileRef = D9DB99642B324FC900808775 /* benchpress.mp4 */; };
		D9DB996A2B324FC900808775 /* legpress.mp4 in Resources */ = {isa = PBXBuildFile; fileRef = D9DB99652B324FC900808775 /* legpress.mp4 */; };
		D9DB996B2B324FC900808775 /* pushups.mp4 in Resources */ = {isa = PBXBuildFile; fileRef = D9DB99662B324FC900808775 /* pushups.mp4 */; };
/* End PBXBuildFile section */

/* Begin PBXFileReference section */
		D96F81FF2B30A4C60087BA31 /* Exercise.swift */ = {isa = PBXFileReference; lastKnownFileType = sourcecode.swift; path = Exercise.swift; sourceTree = "<group>"; };
		D96F82012B30A96C0087BA31 /* HeaderView.swift */ = {isa = PBXFileReference; lastKnownFileType = sourcecode.swift; path = HeaderView.swift; sourceTree = "<group>"; };
		D96F82032B30ABA70087BA31 /* HomeScreen.swift */ = {isa = PBXFileReference; lastKnownFileType = sourcecode.swift; path = HomeScreen.swift; sourceTree = "<group>"; };
		D96F82052B30C92D0087BA31 /* ExerciseView.swift */ = {isa = PBXFileReference; lastKnownFileType = sourcecode.swift; path = ExerciseView.swift; sourceTree = "<group>"; };
		D96F82082B30E8090087BA31 /* ContentView.swift */ = {isa = PBXFileReference; lastKnownFileType = sourcecode.swift; path = ContentView.swift; sourceTree = "<group>"; };
		D9823C822B20EC3900FB1A2B /* HiitFit.app */ = {isa = PBXFileReference; explicitFileType = wrapper.application; includeInIndex = 0; path = HiitFit.app; sourceTree = BUILT_PRODUCTS_DIR; };
		D9823C852B20EC3900FB1A2B /* HiitFitApp.swift */ = {isa = PBXFileReference; lastKnownFileType = sourcecode.swift; path = HiitFitApp.swift; sourceTree = "<group>"; };
		D9823C892B20EC3B00FB1A2B /* Assets.xcassets */ = {isa = PBXFileReference; lastKnownFileType = folder.assetcatalog; path = Assets.xcassets; sourceTree = "<group>"; };
		D9823C8C2B20EC3B00FB1A2B /* Preview Assets.xcassets */ = {isa = PBXFileReference; lastKnownFileType = folder.assetcatalog; path = "Preview Assets.xcassets"; sourceTree = "<group>"; };
		D9DB99622B324FC900808775 /* squat.mp4 */ = {isa = PBXFileReference; lastKnownFileType = file; path = squat.mp4; sourceTree = "<group>"; };
		D9DB99632B324FC900808775 /* uprightrow.mp4 */ = {isa = PBXFileReference; lastKnownFileType = file; path = uprightrow.mp4; sourceTree = "<group>"; };
		D9DB99642B324FC900808775 /* benchpress.mp4 */ = {isa = PBXFileReference; lastKnownFileType = file; path = benchpress.mp4; sourceTree = "<group>"; };
		D9DB99652B324FC900808775 /* legpress.mp4 */ = {isa = PBXFileReference; lastKnownFileType = file; path = legpress.mp4; sourceTree = "<group>"; };
		D9DB99662B324FC900808775 /* pushups.mp4 */ = {isa = PBXFileReference; lastKnownFileType = file; path = pushups.mp4; sourceTree = "<group>"; };
/* End PBXFileReference section */

/* Begin PBXFrameworksBuildPhase section */
		D9823C7F2B20EC3900FB1A2B /* Frameworks */ = {
			isa = PBXFrameworksBuildPhase;
			buildActionMask = 2147483647;
			files = (
			);
			runOnlyForDeploymentPostprocessing = 0;
		};
/* End PBXFrameworksBuildPhase section */

/* Begin PBXGroup section */
		D96F82072B30E7AC0087BA31 /* screens */ = {
			isa = PBXGroup;
			children = (
				D96F82052B30C92D0087BA31 /* ExerciseView.swift */,
				D96F82032B30ABA70087BA31 /* HomeScreen.swift */,
			);
			path = screens;
			sourceTree = "<group>";
		};
		D9823C792B20EC3900FB1A2B = {
			isa = PBXGroup;
			children = (
				D9823C842B20EC3900FB1A2B /* HiitFit */,
				D9823C832B20EC3900FB1A2B /* Products */,
			);
			sourceTree = "<group>";
		};
		D9823C832B20EC3900FB1A2B /* Products */ = {
			isa = PBXGroup;
			children = (
				D9823C822B20EC3900FB1A2B /* HiitFit.app */,
			);
			name = Products;
			sourceTree = "<group>";
		};
		D9823C842B20EC3900FB1A2B /* HiitFit */ = {
			isa = PBXGroup;
			children = (
				D9DB99612B324FC900808775 /* media */,
				D9823C962B20ECB900FB1A2B /* extensions */,
				D9823C942B20ECAE00FB1A2B /* models */,
				D9823C932B20ECA800FB1A2B /* views */,
				D9823C852B20EC3900FB1A2B /* HiitFitApp.swift */,
				D9823C892B20EC3B00FB1A2B /* Assets.xcassets */,
				D9823C8B2B20EC3B00FB1A2B /* Preview Content */,
			);
			path = HiitFit;
			sourceTree = "<group>";
		};
		D9823C8B2B20EC3B00FB1A2B /* Preview Content */ = {
			isa = PBXGroup;
			children = (
				D9823C8C2B20EC3B00FB1A2B /* Preview Assets.xcassets */,
			);
			path = "Preview Content";
			sourceTree = "<group>";
		};
		D9823C932B20ECA800FB1A2B /* views */ = {
			isa = PBXGroup;
			children = (
				D9823C952B20ECB300FB1A2B /* commons */,
				D96F82072B30E7AC0087BA31 /* screens */,
				D96F82082B30E8090087BA31 /* ContentView.swift */,
			);
			path = views;
			sourceTree = "<group>";
		};
		D9823C942B20ECAE00FB1A2B /* models */ = {
			isa = PBXGroup;
			children = (
				D96F81FF2B30A4C60087BA31 /* Exercise.swift */,
			);
			path = models;
			sourceTree = "<group>";
		};
		D9823C952B20ECB300FB1A2B /* commons */ = {
			isa = PBXGroup;
			children = (
				D96F82012B30A96C0087BA31 /* HeaderView.swift */,
			);
			path = commons;
			sourceTree = "<group>";
		};
		D9823C962B20ECB900FB1A2B /* extensions */ = {
			isa = PBXGroup;
			children = (
			);
			path = extensions;
			sourceTree = "<group>";
		};
		D9DB99612B324FC900808775 /* media */ = {
			isa = PBXGroup;
			children = (
				D9DB99622B324FC900808775 /* squat.mp4 */,
				D9DB99632B324FC900808775 /* uprightrow.mp4 */,
				D9DB99642B324FC900808775 /* benchpress.mp4 */,
				D9DB99652B324FC900808775 /* legpress.mp4 */,
				D9DB99662B324FC900808775 /* pushups.mp4 */,
			);
			path = media;
			sourceTree = "<group>";
		};
/* End PBXGroup section */

/* Begin PBXNativeTarget section */
		D9823C812B20EC3900FB1A2B /* HiitFit */ = {
			isa = PBXNativeTarget;
			buildConfigurationList = D9823C902B20EC3B00FB1A2B /* Build configuration list for PBXNativeTarget "HiitFit" */;
			buildPhases = (
				D9823C7E2B20EC3900FB1A2B /* Sources */,
				D9823C7F2B20EC3900FB1A2B /* Frameworks */,
				D9823C802B20EC3900FB1A2B /* Resources */,
			);
			buildRules = (
			);
			dependencies = (
			);
			name = HiitFit;
			productName = HiitFit;
			productReference = D9823C822B20EC3900FB1A2B /* HiitFit.app */;
			productType = "com.apple.product-type.application";
		};
/* End PBXNativeTarget section */

/* Begin PBXProject section */
		D9823C7A2B20EC3900FB1A2B /* Project object */ = {
			isa = PBXProject;
			attributes = {
				BuildIndependentTargetsInParallel = 1;
				LastSwiftUpdateCheck = 1430;
				LastUpgradeCheck = 1430;
				TargetAttributes = {
					D9823C812B20EC3900FB1A2B = {
						CreatedOnToolsVersion = 14.3.1;
					};
				};
			};
			buildConfigurationList = D9823C7D2B20EC3900FB1A2B /* Build configuration list for PBXProject "HiitFit" */;
			compatibilityVersion = "Xcode 14.0";
			developmentRegion = en;
			hasScannedForEncodings = 0;
			knownRegions = (
				en,
				Base,
			);
			mainGroup = D9823C792B20EC3900FB1A2B;
			productRefGroup = D9823C832B20EC3900FB1A2B /* Products */;
			projectDirPath = "";
			projectRoot = "";
			targets = (
				D9823C812B20EC3900FB1A2B /* HiitFit */,
			);
		};
/* End PBXProject section */

/* Begin PBXResourcesBuildPhase section */
		D9823C802B20EC3900FB1A2B /* Resources */ = {
			isa = PBXResourcesBuildPhase;
			buildActionMask = 2147483647;
			files = (
				D9DB99692B324FC900808775 /* benchpress.mp4 in Resources */,
				D9DB99682B324FC900808775 /* uprightrow.mp4 in Resources */,
				D9DB996A2B324FC900808775 /* legpress.mp4 in Resources */,
				D9823C8D2B20EC3B00FB1A2B /* Preview Assets.xcassets in Resources */,
				D9DB996B2B324FC900808775 /* pushups.mp4 in Resources */,
				D9DB99672B324FC900808775 /* squat.mp4 in Resources */,
				D9823C8A2B20EC3B00FB1A2B /* Assets.xcassets in Resources */,
			);
			runOnlyForDeploymentPostprocessing = 0;
		};
/* End PBXResourcesBuildPhase section */

/* Begin PBXSourcesBuildPhase section */
		D9823C7E2B20EC3900FB1A2B /* Sources */ = {
			isa = PBXSourcesBuildPhase;
			buildActionMask = 2147483647;
			files = (
				D96F82042B30ABA70087BA31 /* HomeScreen.swift in Sources */,
				D96F82002B30A4C60087BA31 /* Exercise.swift in Sources */,
				D96F82092B30E8090087BA31 /* ContentView.swift in Sources */,
				D9823C862B20EC3900FB1A2B /* HiitFitApp.swift in Sources */,
				D96F82022B30A96C0087BA31 /* HeaderView.swift in Sources */,
				D96F82062B30C92D0087BA31 /* ExerciseView.swift in Sources */,
			);
			runOnlyForDeploymentPostprocessing = 0;
		};
/* End PBXSourcesBuildPhase section */

/* Begin XCBuildConfiguration section */
		D9823C8E2B20EC3B00FB1A2B /* Debug */ = {
			isa = XCBuildConfiguration;
			buildSettings = {
				ALWAYS_SEARCH_USER_PATHS = NO;
				CLANG_ANALYZER_NONNULL = YES;
				CLANG_ANALYZER_NUMBER_OBJECT_CONVERSION = YES_AGGRESSIVE;
				CLANG_CXX_LANGUAGE_STANDARD = "gnu++20";
				CLANG_ENABLE_MODULES = YES;
				CLANG_ENABLE_OBJC_ARC = YES;
				CLANG_ENABLE_OBJC_WEAK = YES;
				CLANG_WARN_BLOCK_CAPTURE_AUTORELEASING = YES;
				CLANG_WARN_BOOL_CONVERSION = YES;
				CLANG_WARN_COMMA = YES;
				CLANG_WARN_CONSTANT_CONVERSION = YES;
				CLANG_WARN_DEPRECATED_OBJC_IMPLEMENTATIONS = YES;
				CLANG_WARN_DIRECT_OBJC_ISA_USAGE = YES_ERROR;
				CLANG_WARN_DOCUMENTATION_COMMENTS = YES;
				CLANG_WARN_EMPTY_BODY = YES;
				CLANG_WARN_ENUM_CONVERSION = YES;
				CLANG_WARN_INFINITE_RECURSION = YES;
				CLANG_WARN_INT_CONVERSION = YES;
				CLANG_WARN_NON_LITERAL_NULL_CONVERSION = YES;
				CLANG_WARN_OBJC_IMPLICIT_RETAIN_SELF = YES;
				CLANG_WARN_OBJC_LITERAL_CONVERSION = YES;
				CLANG_WARN_OBJC_ROOT_CLASS = YES_ERROR;
				CLANG_WARN_QUOTED_INCLUDE_IN_FRAMEWORK_HEADER = YES;
				CLANG_WARN_RANGE_LOOP_ANALYSIS = YES;
				CLANG_WARN_STRICT_PROTOTYPES = YES;
				CLANG_WARN_SUSPICIOUS_MOVE = YES;
				CLANG_WARN_UNGUARDED_AVAILABILITY = YES_AGGRESSIVE;
				CLANG_WARN_UNREACHABLE_CODE = YES;
				CLANG_WARN__DUPLICATE_METHOD_MATCH = YES;
				COPY_PHASE_STRIP = NO;
				DEBUG_INFORMATION_FORMAT = dwarf;
				ENABLE_STRICT_OBJC_MSGSEND = YES;
				ENABLE_TESTABILITY = YES;
				GCC_C_LANGUAGE_STANDARD = gnu11;
				GCC_DYNAMIC_NO_PIC = NO;
				GCC_NO_COMMON_BLOCKS = YES;
				GCC_OPTIMIZATION_LEVEL = 0;
				GCC_PREPROCESSOR_DEFINITIONS = (
					"DEBUG=1",
					"$(inherited)",
				);
				GCC_WARN_64_TO_32_BIT_CONVERSION = YES;
				GCC_WARN_ABOUT_RETURN_TYPE = YES_ERROR;
				GCC_WARN_UNDECLARED_SELECTOR = YES;
				GCC_WARN_UNINITIALIZED_AUTOS = YES_AGGRESSIVE;
				GCC_WARN_UNUSED_FUNCTION = YES;
				GCC_WARN_UNUSED_VARIABLE = YES;
				IPHONEOS_DEPLOYMENT_TARGET = 16.4;
				MTL_ENABLE_DEBUG_INFO = INCLUDE_SOURCE;
				MTL_FAST_MATH = YES;
				ONLY_ACTIVE_ARCH = YES;
				SDKROOT = iphoneos;
				SWIFT_ACTIVE_COMPILATION_CONDITIONS = DEBUG;
				SWIFT_OPTIMIZATION_LEVEL = "-Onone";
			};
			name = Debug;
		};
		D9823C8F2B20EC3B00FB1A2B /* Release */ = {
			isa = XCBuildConfiguration;
			buildSettings = {
				ALWAYS_SEARCH_USER_PATHS = NO;
				CLANG_ANALYZER_NONNULL = YES;
				CLANG_ANALYZER_NUMBER_OBJECT_CONVERSION = YES_AGGRESSIVE;
				CLANG_CXX_LANGUAGE_STANDARD = "gnu++20";
				CLANG_ENABLE_MODULES = YES;
				CLANG_ENABLE_OBJC_ARC = YES;
				CLANG_ENABLE_OBJC_WEAK = YES;
				CLANG_WARN_BLOCK_CAPTURE_AUTORELEASING = YES;
				CLANG_WARN_BOOL_CONVERSION = YES;
				CLANG_WARN_COMMA = YES;
				CLANG_WARN_CONSTANT_CONVERSION = YES;
				CLANG_WARN_DEPRECATED_OBJC_IMPLEMENTATIONS = YES;
				CLANG_WARN_DIRECT_OBJC_ISA_USAGE = YES_ERROR;
				CLANG_WARN_DOCUMENTATION_COMMENTS = YES;
				CLANG_WARN_EMPTY_BODY = YES;
				CLANG_WARN_ENUM_CONVERSION = YES;
				CLANG_WARN_INFINITE_RECURSION = YES;
				CLANG_WARN_INT_CONVERSION = YES;
				CLANG_WARN_NON_LITERAL_NULL_CONVERSION = YES;
				CLANG_WARN_OBJC_IMPLICIT_RETAIN_SELF = YES;
				CLANG_WARN_OBJC_LITERAL_CONVERSION = YES;
				CLANG_WARN_OBJC_ROOT_CLASS = YES_ERROR;
				CLANG_WARN_QUOTED_INCLUDE_IN_FRAMEWORK_HEADER = YES;
				CLANG_WARN_RANGE_LOOP_ANALYSIS = YES;
				CLANG_WARN_STRICT_PROTOTYPES = YES;
				CLANG_WARN_SUSPICIOUS_MOVE = YES;
				CLANG_WARN_UNGUARDED_AVAILABILITY = YES_AGGRESSIVE;
				CLANG_WARN_UNREACHABLE_CODE = YES;
				CLANG_WARN__DUPLICATE_METHOD_MATCH = YES;
				COPY_PHASE_STRIP = NO;
				DEBUG_INFORMATION_FORMAT = "dwarf-with-dsym";
				ENABLE_NS_ASSERTIONS = NO;
				ENABLE_STRICT_OBJC_MSGSEND = YES;
				GCC_C_LANGUAGE_STANDARD = gnu11;
				GCC_NO_COMMON_BLOCKS = YES;
				GCC_WARN_64_TO_32_BIT_CONVERSION = YES;
				GCC_WARN_ABOUT_RETURN_TYPE = YES_ERROR;
				GCC_WARN_UNDECLARED_SELECTOR = YES;
				GCC_WARN_UNINITIALIZED_AUTOS = YES_AGGRESSIVE;
				GCC_WARN_UNUSED_FUNCTION = YES;
				GCC_WARN_UNUSED_VARIABLE = YES;
				IPHONEOS_DEPLOYMENT_TARGET = 16.4;
				MTL_ENABLE_DEBUG_INFO = NO;
				MTL_FAST_MATH = YES;
				SDKROOT = iphoneos;
				SWIFT_COMPILATION_MODE = wholemodule;
				SWIFT_OPTIMIZATION_LEVEL = "-O";
				VALIDATE_PRODUCT = YES;
			};
			name = Release;
		};
		D9823C912B20EC3B00FB1A2B /* Debug */ = {
			isa = XCBuildConfiguration;
			buildSettings = {
				ASSETCATALOG_COMPILER_APPICON_NAME = AppIcon;
				ASSETCATALOG_COMPILER_GLOBAL_ACCENT_COLOR_NAME = AccentColor;
				CODE_SIGN_STYLE = Automatic;
				CURRENT_PROJECT_VERSION = 1;
				DEVELOPMENT_ASSET_PATHS = "\"HiitFit/Preview Content\"";
				ENABLE_PREVIEWS = YES;
				GENERATE_INFOPLIST_FILE = YES;
				INFOPLIST_KEY_UIApplicationSceneManifest_Generation = YES;
				INFOPLIST_KEY_UIApplicationSupportsIndirectInputEvents = YES;
				INFOPLIST_KEY_UILaunchScreen_Generation = YES;
				INFOPLIST_KEY_UISupportedInterfaceOrientations_iPad = "UIInterfaceOrientationPortrait UIInterfaceOrientationPortraitUpsideDown UIInterfaceOrientationLandscapeLeft UIInterfaceOrientationLandscapeRight";
				INFOPLIST_KEY_UISupportedInterfaceOrientations_iPhone = "UIInterfaceOrientationPortrait UIInterfaceOrientationLandscapeLeft UIInterfaceOrientationLandscapeRight";
				LD_RUNPATH_SEARCH_PATHS = (
					"$(inherited)",
					"@executable_path/Frameworks",
				);
				MARKETING_VERSION = 1.0;
				PRODUCT_BUNDLE_IDENTIFIER = com.ennbou.swiftui.hiitfit.HiitFit;
				PRODUCT_NAME = "$(TARGET_NAME)";
				SWIFT_EMIT_LOC_STRINGS = YES;
				SWIFT_VERSION = 5.0;
				TARGETED_DEVICE_FAMILY = "1,2";
			};
			name = Debug;
		};
		D9823C922B20EC3B00FB1A2B /* Release */ = {
			isa = XCBuildConfiguration;
			buildSettings = {
				ASSETCATALOG_COMPILER_APPICON_NAME = AppIcon;
				ASSETCATALOG_COMPILER_GLOBAL_ACCENT_COLOR_NAME = AccentColor;
				CODE_SIGN_STYLE = Automatic;
				CURRENT_PROJECT_VERSION = 1;
				DEVELOPMENT_ASSET_PATHS = "\"HiitFit/Preview Content\"";
				ENABLE_PREVIEWS = YES;
				GENERATE_INFOPLIST_FILE = YES;
				INFOPLIST_KEY_UIApplicationSceneManifest_Generation = YES;
				INFOPLIST_KEY_UIApplicationSupportsIndirectInputEvents = YES;
				INFOPLIST_KEY_UILaunchScreen_Generation = YES;
				INFOPLIST_KEY_UISupportedInterfaceOrientations_iPad = "UIInterfaceOrientationPortrait UIInterfaceOrientationPortraitUpsideDown UIInterfaceOrientationLandscapeLeft UIInterfaceOrientationLandscapeRight";
				INFOPLIST_KEY_UISupportedInterfaceOrientations_iPhone = "UIInterfaceOrientationPortrait UIInterfaceOrientationLandscapeLeft UIInterfaceOrientationLandscapeRight";
				LD_RUNPATH_SEARCH_PATHS = (
					"$(inherited)",
					"@executable_path/Frameworks",
				);
				MARKETING_VERSION = 1.0;
				PRODUCT_BUNDLE_IDENTIFIER = com.ennbou.swiftui.hiitfit.HiitFit;
				PRODUCT_NAME = "$(TARGET_NAME)";
				SWIFT_EMIT_LOC_STRINGS = YES;
				SWIFT_VERSION = 5.0;
				TARGETED_DEVICE_FAMILY = "1,2";
			};
			name = Release;
		};
/* End XCBuildConfiguration section */

/* Begin XCConfigurationList section */
		D9823C7D2B20EC3900FB1A2B /* Build configuration list for PBXProject "HiitFit" */ = {
			isa = XCConfigurationList;
			buildConfigurations = (
				D9823C8E2B20EC3B00FB1A2B /* Debug */,
				D9823C8F2B20EC3B00FB1A2B /* Release */,
			);
			defaultConfigurationIsVisible = 0;
			defaultConfigurationName = Release;
		};
		D9823C902B20EC3B00FB1A2B /* Build configuration list for PBXNativeTarget "HiitFit" */ = {
			isa = XCConfigurationList;
			buildConfigurations = (
				D9823C912B20EC3B00FB1A2B /* Debug */,
				D9823C922B20EC3B00FB1A2B /* Release */,
			);
			defaultConfigurationIsVisible = 0;
			defaultConfigurationName = Release;
		};
/* End XCConfigurationList section */
	};
	rootObject = D9823C7A2B20EC3900FB1A2B /* Project object */;
}
